<?xml version="1.0" encoding="utf-8"?>
<Project ToolsVersion="4.0" xmlns="http://schemas.microsoft.com/developer/msbuild/2003">
  <ItemGroup>
    <Filter Include="헤더 파일">
      <UniqueIdentifier>{93995380-89BD-4b04-88EB-625FBE52EBFB}</UniqueIdentifier>
      <Extensions>h;hh;hpp;hxx;hm;inl;inc;xsd</Extensions>
    </Filter>
    <Filter Include="copy">
      <UniqueIdentifier>{5eee7019-9b64-4b7c-ac74-4d914e059268}</UniqueIdentifier>
    </Filter>
    <Filter Include="protobuf">
      <UniqueIdentifier>{ec17ed35-9366-415e-98ee-a58ffb116f6a}</UniqueIdentifier>
    </Filter>
  </ItemGroup>
  <ItemGroup>
    <ClInclude Include="stdafx.h">
      <Filter>헤더 파일</Filter>
    </ClInclude>
    <ClInclude Include="targetver.h">
      <Filter>헤더 파일</Filter>
    </ClInclude>
    <ClInclude Include="copy\Tester.h">
      <Filter>copy</Filter>
    </ClInclude>
    <ClInclude Include="protobuf\addressbook.pb.h">
      <Filter>protobuf</Filter>
    </ClInclude>
    <ClInclude Include="protobuf\Tester.h">
      <Filter>protobuf</Filter>
    </ClInclude>
  </ItemGroup>
  <ItemGroup>
    <ClCompile Include="stdafx.cpp">
      <Filter>헤더 파일</Filter>
    </ClCompile>
    <ClCompile Include="Benchmark.cpp" />
    <ClCompile Include="copy\Tester.cpp">
      <Filter>copy</Filter>
    </ClCompile>
    <ClCompile Include="protobuf\addressbook.pb.cc">
      <Filter>protobuf</Filter>
    </ClCompile>
    <ClCompile Include="protobuf\Tester.cpp">
      <Filter>protobuf</Filter>
    </ClCompile>
  </ItemGroup>
</Project>